
Microsoft Visual Studio Solution File, Format Version 12.00
# Visual Studio Version 17
VisualStudioVersion = 17.7.34221.43
MinimumVisualStudioVersion = 10.0.40219.1
Project("{FAE04EC0-301F-11D3-BF4B-00C04F79EFBC}") = "waterMeter", "waterMeter.csproj", "{AC526298-14B6-489F-BA4E-7581CD14B167}"
EndProject
Global
	GlobalSection(SolutionConfigurationPlatforms) = preSolution
		Debug|Any CPU = Debug|Any CPU
		Release|Any CPU = Release|Any CPU
	EndGlobalSection
	GlobalSection(ProjectConfigurationPlatforms) = postSolution
		{AC526298-14B6-489F-BA4E-7581CD14B167}.Debug|Any CPU.ActiveCfg = Debug|Any CPU
		{AC526298-14B6-489F-BA4E-7581CD14B167}.Debug|Any CPU.Build.0 = Debug|Any CPU
		{AC526298-14B6-489F-BA4E-7581CD14B167}.Release|Any CPU.ActiveCfg = Release|Any CPU
		{AC526298-14B6-489F-BA4E-7581CD14B167}.Release|Any CPU.Build.0 = Release|Any CPU
	EndGlobalSection
	GlobalSection(SolutionProperties) = preSolution
		HideSolutionNode = FALSE
	EndGlobalSection
	GlobalSection(ExtensibilityGlobals) = postSolution
		SolutionGuid = {0A846260-4359-4B1C-9D38-0B6375C0E1B2}
	EndGlobalSection
EndGlobal
